
Microsoft Visual Studio Solution File, Format Version 12.00
# Visual Studio Version 17
VisualStudioVersion = 17.6.33815.320
MinimumVisualStudioVersion = 10.0.40219.1
Project("{FAE04EC0-301F-11D3-BF4B-00C04F79EFBC}") = "Edoc", "Edoc.csproj", "{BC7FD9EE-DDF1-4CC4-AE80-C023A49AFD2C}"
EndProject
Global
	GlobalSection(SolutionConfigurationPlatforms) = preSolution
		Debug|Any CPU = Debug|Any CPU
		Release|Any CPU = Release|Any CPU
	EndGlobalSection
	GlobalSection(ProjectConfigurationPlatforms) = postSolution
		{BC7FD9EE-DDF1-4CC4-AE80-C023A49AFD2C}.Debug|Any CPU.ActiveCfg = Debug|Any CPU
		{BC7FD9EE-DDF1-4CC4-AE80-C023A49AFD2C}.Debug|Any CPU.Build.0 = Debug|Any CPU
		{BC7FD9EE-DDF1-4CC4-AE80-C023A49AFD2C}.Release|Any CPU.ActiveCfg = Release|Any CPU
		{BC7FD9EE-DDF1-4CC4-AE80-C023A49AFD2C}.Release|Any CPU.Build.0 = Release|Any CPU
	EndGlobalSection
	GlobalSection(SolutionProperties) = preSolution
		HideSolutionNode = FALSE
	EndGlobalSection
	GlobalSection(ExtensibilityGlobals) = postSolution
		SolutionGuid = {E709DCE3-BB85-4E74-8BA8-AF47E630B4D3}
	EndGlobalSection
EndGlobal
